
Microsoft Visual Studio Solution File, Format Version 12.00
# Visual Studio 2012
Project("{FAE04EC0-301F-11D3-BF4B-00C04F79EFBC}") = "PCL", "PCL.csproj", "{A4F86AFE-97F0-4A87-81C3-478AC9C70D18}"
EndProject
Project("{FAE04EC0-301F-11D3-BF4B-00C04F79EFBC}") = "PCL.Android", "PCL.Android\PCL.Android.csproj", "{D8BA94D5-B6E9-45A7-8572-D019ABC728B2}"
EndProject
Global
	GlobalSection(SolutionConfigurationPlatforms) = preSolution
		Debug|Any CPU = Debug|Any CPU
		Release|Any CPU = Release|Any CPU
	EndGlobalSection
	GlobalSection(ProjectConfigurationPlatforms) = postSolution
		{A4F86AFE-97F0-4A87-81C3-478AC9C70D18}.Debug|Any CPU.ActiveCfg = Debug|Any CPU
		{A4F86AFE-97F0-4A87-81C3-478AC9C70D18}.Debug|Any CPU.Build.0 = Debug|Any CPU
		{A4F86AFE-97F0-4A87-81C3-478AC9C70D18}.Release|Any CPU.ActiveCfg = Release|Any CPU
		{A4F86AFE-97F0-4A87-81C3-478AC9C70D18}.Release|Any CPU.Build.0 = Release|Any CPU
		{D8BA94D5-B6E9-45A7-8572-D019ABC728B2}.Debug|Any CPU.ActiveCfg = Debug|Any CPU
		{D8BA94D5-B6E9-45A7-8572-D019ABC728B2}.Debug|Any CPU.Build.0 = Debug|Any CPU
		{D8BA94D5-B6E9-45A7-8572-D019ABC728B2}.Release|Any CPU.ActiveCfg = Release|Any CPU
		{D8BA94D5-B6E9-45A7-8572-D019ABC728B2}.Release|Any CPU.Build.0 = Release|Any CPU
	EndGlobalSection
	GlobalSection(MonoDevelopProperties) = preSolution
		StartupItem = PCL.csproj
	EndGlobalSection
EndGlobal
